
Microsoft Visual Studio Solution File, Format Version 12.00
# Visual Studio Version 17
VisualStudioVersion = 17.11.35219.272
MinimumVisualStudioVersion = 10.0.40219.1
Project("{FAE04EC0-301F-11D3-BF4B-00C04F79EFBC}") = "TemplateMethodPattern", "TemplateMethodPattern.csproj", "{98EBF6B4-95CE-494C-8E35-E728AAA85347}"
EndProject
Global
	GlobalSection(SolutionConfigurationPlatforms) = preSolution
		Debug|Any CPU = Debug|Any CPU
		Release|Any CPU = Release|Any CPU
	EndGlobalSection
	GlobalSection(ProjectConfigurationPlatforms) = postSolution
		{98EBF6B4-95CE-494C-8E35-E728AAA85347}.Debug|Any CPU.ActiveCfg = Debug|Any CPU
		{98EBF6B4-95CE-494C-8E35-E728AAA85347}.Debug|Any CPU.Build.0 = Debug|Any CPU
		{98EBF6B4-95CE-494C-8E35-E728AAA85347}.Release|Any CPU.ActiveCfg = Release|Any CPU
		{98EBF6B4-95CE-494C-8E35-E728AAA85347}.Release|Any CPU.Build.0 = Release|Any CPU
	EndGlobalSection
	GlobalSection(SolutionProperties) = preSolution
		HideSolutionNode = FALSE
	EndGlobalSection
	GlobalSection(ExtensibilityGlobals) = postSolution
		SolutionGuid = {EF0682C5-D330-4B41-BD5D-F86772BC00E8}
	EndGlobalSection
EndGlobal
