
Microsoft Visual Studio Solution File, Format Version 12.00
# Visual Studio Version 17
VisualStudioVersion = 17.11.35303.130
MinimumVisualStudioVersion = 10.0.40219.1
Project("{FAE04EC0-301F-11D3-BF4B-00C04F79EFBC}") = "Polymorphism", "Polymorphism\Polymorphism.csproj", "{5B18EB63-0B9A-424E-86A3-DCA375C6BB9A}"
EndProject
Global
	GlobalSection(SolutionConfigurationPlatforms) = preSolution
		Debug|Any CPU = Debug|Any CPU
		Release|Any CPU = Release|Any CPU
	EndGlobalSection
	GlobalSection(ProjectConfigurationPlatforms) = postSolution
		{5B18EB63-0B9A-424E-86A3-DCA375C6BB9A}.Debug|Any CPU.ActiveCfg = Debug|Any CPU
		{5B18EB63-0B9A-424E-86A3-DCA375C6BB9A}.Debug|Any CPU.Build.0 = Debug|Any CPU
		{5B18EB63-0B9A-424E-86A3-DCA375C6BB9A}.Release|Any CPU.ActiveCfg = Release|Any CPU
		{5B18EB63-0B9A-424E-86A3-DCA375C6BB9A}.Release|Any CPU.Build.0 = Release|Any CPU
	EndGlobalSection
	GlobalSection(SolutionProperties) = preSolution
		HideSolutionNode = FALSE
	EndGlobalSection
	GlobalSection(ExtensibilityGlobals) = postSolution
		SolutionGuid = {EE25A7C1-C51B-4DA4-A249-ADDE4A45790F}
	EndGlobalSection
EndGlobal
